{
  "name": "did-peer-4",
  "lockfileVersion": 3,
  "requires": true,
  "packages": {
    "": {
      "name": "did-peer-4",
      "dependencies": {
        "@types/sha.js": "^2.4.2",
        "@types/varint": "^6.0.1",
        "bs58": "^5.0.0",
        "sha.js": "^2.4.11",
        "varint": "^6.0.0"
      },
      "devDependencies": {
        "bun-types": "latest"
      },
      "peerDependencies": {
        "typescript": "^5.0.0"
      }
    },
    "node_modules/@types/node": {
      "version": "20.8.0",
      "license": "MIT"
    },
    "node_modules/@types/sha.js": {
      "version": "2.4.2",
      "license": "MIT",
      "dependencies": {
        "@types/node": "*"
      }
    },
    "node_modules/@types/varint": {
      "version": "6.0.1",
      "license": "MIT",
      "dependencies": {
        "@types/node": "*"
      }
    },
    "node_modules/base-x": {
      "version": "4.0.0",
      "license": "MIT"
    },
    "node_modules/bs58": {
      "version": "5.0.0",
      "license": "MIT",
      "dependencies": {
        "base-x": "^4.0.0"
      }
    },
    "node_modules/bun-types": {
      "version": "1.0.3",
      "resolved": "https://registry.npmjs.org/bun-types/-/bun-types-1.0.3.tgz",
      "integrity": "sha512-XlyKVdYCHa7K5PHYGcwOVOrGE/bMnLS51y7zFA3ZAAXyiQ6dTaNXNCWTTufgII/6ruN770uhAXphQmzvU/r2fQ==",
      "dev": true
    },
    "node_modules/inherits": {
      "version": "2.0.4",
      "license": "ISC"
    },
    "node_modules/safe-buffer": {
      "version": "5.2.1",
      "funding": [
        {
          "type": "github",
          "url": "https://github.com/sponsors/feross"
        },
        {
          "type": "patreon",
          "url": "https://www.patreon.com/feross"
        },
        {
          "type": "consulting",
          "url": "https://feross.org/support"
        }
      ],
      "license": "MIT"
    },
    "node_modules/sha.js": {
      "version": "2.4.11",
      "license": "(MIT AND BSD-3-Clause)",
      "dependencies": {
        "inherits": "^2.0.1",
        "safe-buffer": "^5.0.1"
      },
      "bin": {
        "sha.js": "bin.js"
      }
    },
    "node_modules/typescript": {
      "version": "5.2.2",
      "resolved": "https://registry.npmjs.org/typescript/-/typescript-5.2.2.tgz",
      "integrity": "sha512-mI4WrpHsbCIcwT9cF4FZvr80QUeKvsUsUvKDoR+X/7XHQH98xYD8YHZg7ANtz2GtZt/CBq2QJ0thkGJMHfqc1w==",
      "peer": true,
      "bin": {
        "tsc": "bin/tsc",
        "tsserver": "bin/tsserver"
      },
      "engines": {
        "node": ">=14.17"
      }
    },
    "node_modules/varint": {
      "version": "6.0.0",
      "license": "MIT"
    }
  }
}
